
Microsoft Visual Studio Solution File, Format Version 12.00
# Visual Studio Version 17
VisualStudioVersion = 17.0.31903.59
MinimumVisualStudioVersion = 10.0.40219.1
Project("{9A19103F-16F7-4668-BE54-9A1E7A4F7556}") = "Zhed", "Zhed\Zhed.csproj", "{9BF0AD07-4205-4A6D-AD2F-7B903D5E3BFE}"
EndProject
Project("{9A19103F-16F7-4668-BE54-9A1E7A4F7556}") = "ZhedTest", "ZhedTest\ZhedTest.csproj", "{78B078DE-BB98-463F-869F-8CB69FAA2AEB}"
EndProject
Global
	GlobalSection(SolutionConfigurationPlatforms) = preSolution
		Debug|Any CPU = Debug|Any CPU
		Release|Any CPU = Release|Any CPU
	EndGlobalSection
	GlobalSection(ProjectConfigurationPlatforms) = postSolution
		{9BF0AD07-4205-4A6D-AD2F-7B903D5E3BFE}.Debug|Any CPU.ActiveCfg = Debug|Any CPU
		{9BF0AD07-4205-4A6D-AD2F-7B903D5E3BFE}.Debug|Any CPU.Build.0 = Debug|Any CPU
		{9BF0AD07-4205-4A6D-AD2F-7B903D5E3BFE}.Release|Any CPU.ActiveCfg = Release|Any CPU
		{9BF0AD07-4205-4A6D-AD2F-7B903D5E3BFE}.Release|Any CPU.Build.0 = Release|Any CPU
		{78B078DE-BB98-463F-869F-8CB69FAA2AEB}.Debug|Any CPU.ActiveCfg = Debug|Any CPU
		{78B078DE-BB98-463F-869F-8CB69FAA2AEB}.Debug|Any CPU.Build.0 = Debug|Any CPU
		{78B078DE-BB98-463F-869F-8CB69FAA2AEB}.Release|Any CPU.ActiveCfg = Release|Any CPU
		{78B078DE-BB98-463F-869F-8CB69FAA2AEB}.Release|Any CPU.Build.0 = Release|Any CPU
	EndGlobalSection
	GlobalSection(SolutionProperties) = preSolution
		HideSolutionNode = FALSE
	EndGlobalSection
	GlobalSection(ExtensibilityGlobals) = postSolution
		SolutionGuid = {DC1C70DE-E56B-4CDB-BD22-0A4E0E390F53}
	EndGlobalSection
EndGlobal
